
Microsoft Visual Studio Solution File, Format Version 12.00
Project("{FAE04EC0-301F-11D3-BF4B-00C04F79EFBC}") = "Diabetes.ML", "Diabetes.ML\Diabetes.ML.csproj", "{26597F94-A05C-4914-ABCD-B3D78C3BE91D}"
EndProject
Project("{FAE04EC0-301F-11D3-BF4B-00C04F79EFBC}") = "Diabetes.Models", "Diabetes.Models\Diabetes.Models.csproj", "{2988F5DB-BF2E-4617-9E29-E0A70810DE91}"
EndProject
Global
	GlobalSection(SolutionConfigurationPlatforms) = preSolution
		Debug|Any CPU = Debug|Any CPU
		Release|Any CPU = Release|Any CPU
	EndGlobalSection
	GlobalSection(ProjectConfigurationPlatforms) = postSolution
		{26597F94-A05C-4914-ABCD-B3D78C3BE91D}.Debug|Any CPU.ActiveCfg = Debug|Any CPU
		{26597F94-A05C-4914-ABCD-B3D78C3BE91D}.Debug|Any CPU.Build.0 = Debug|Any CPU
		{26597F94-A05C-4914-ABCD-B3D78C3BE91D}.Release|Any CPU.ActiveCfg = Release|Any CPU
		{26597F94-A05C-4914-ABCD-B3D78C3BE91D}.Release|Any CPU.Build.0 = Release|Any CPU
		{2988F5DB-BF2E-4617-9E29-E0A70810DE91}.Debug|Any CPU.ActiveCfg = Debug|Any CPU
		{2988F5DB-BF2E-4617-9E29-E0A70810DE91}.Debug|Any CPU.Build.0 = Debug|Any CPU
		{2988F5DB-BF2E-4617-9E29-E0A70810DE91}.Release|Any CPU.ActiveCfg = Release|Any CPU
		{2988F5DB-BF2E-4617-9E29-E0A70810DE91}.Release|Any CPU.Build.0 = Release|Any CPU
	EndGlobalSection
EndGlobal
